
Microsoft Visual Studio Solution File, Format Version 12.00
# Visual Studio 15
VisualStudioVersion = 15.0.27703.2047
MinimumVisualStudioVersion = 10.0.40219.1
Project("{9A19103F-16F7-4668-BE54-9A1E7A4F7556}") = "ACWA.Web", "ACWA.Web\ACWA.Web.csproj", "{A34627F3-30E1-4258-8A4A-3A851A43C96F}"
EndProject
Project("{FAE04EC0-301F-11D3-BF4B-00C04F79EFBC}") = "ACWA.Domain", "ACWA.Domain\ACWA.Domain.csproj", "{69524697-FA2B-45D5-B27E-F9EA95E06F0F}"
EndProject
Project("{FAE04EC0-301F-11D3-BF4B-00C04F79EFBC}") = "ACWA.Services", "ACWA.Services\ACWA.Services.csproj", "{06AC4878-6BF5-4C26-8F20-4EF9DE22AB2A}"
EndProject
Global
	GlobalSection(SolutionConfigurationPlatforms) = preSolution
		Debug|Any CPU = Debug|Any CPU
		Release|Any CPU = Release|Any CPU
	EndGlobalSection
	GlobalSection(ProjectConfigurationPlatforms) = postSolution
		{A34627F3-30E1-4258-8A4A-3A851A43C96F}.Debug|Any CPU.ActiveCfg = Debug|Any CPU
		{A34627F3-30E1-4258-8A4A-3A851A43C96F}.Debug|Any CPU.Build.0 = Debug|Any CPU
		{A34627F3-30E1-4258-8A4A-3A851A43C96F}.Release|Any CPU.ActiveCfg = Release|Any CPU
		{A34627F3-30E1-4258-8A4A-3A851A43C96F}.Release|Any CPU.Build.0 = Release|Any CPU
		{69524697-FA2B-45D5-B27E-F9EA95E06F0F}.Debug|Any CPU.ActiveCfg = Debug|Any CPU
		{69524697-FA2B-45D5-B27E-F9EA95E06F0F}.Debug|Any CPU.Build.0 = Debug|Any CPU
		{69524697-FA2B-45D5-B27E-F9EA95E06F0F}.Release|Any CPU.ActiveCfg = Release|Any CPU
		{69524697-FA2B-45D5-B27E-F9EA95E06F0F}.Release|Any CPU.Build.0 = Release|Any CPU
		{06AC4878-6BF5-4C26-8F20-4EF9DE22AB2A}.Debug|Any CPU.ActiveCfg = Debug|Any CPU
		{06AC4878-6BF5-4C26-8F20-4EF9DE22AB2A}.Debug|Any CPU.Build.0 = Debug|Any CPU
		{06AC4878-6BF5-4C26-8F20-4EF9DE22AB2A}.Release|Any CPU.ActiveCfg = Release|Any CPU
		{06AC4878-6BF5-4C26-8F20-4EF9DE22AB2A}.Release|Any CPU.Build.0 = Release|Any CPU
	EndGlobalSection
	GlobalSection(SolutionProperties) = preSolution
		HideSolutionNode = FALSE
	EndGlobalSection
	GlobalSection(ExtensibilityGlobals) = postSolution
		SolutionGuid = {0ABF8AA0-00C3-46E1-A9B2-B06C38367902}
	EndGlobalSection
EndGlobal
